
Microsoft Visual Studio Solution File, Format Version 12.00
# Visual Studio Version 17
VisualStudioVersion = 17.4.33205.214
MinimumVisualStudioVersion = 10.0.40219.1
Project("{2150E333-8FDC-42A3-9474-1A3956D46DE8}") = "SOLID", "SOLID", "{E358C416-B633-4CC3-BFAB-DAFAD1F51149}"
EndProject
Project("{2150E333-8FDC-42A3-9474-1A3956D46DE8}") = "DesignPatterns", "DesignPatterns", "{3617402C-EB80-4F08-9288-2836FB1835B9}"
EndProject
Project("{2150E333-8FDC-42A3-9474-1A3956D46DE8}") = "Creational", "Creational", "{4B15ABA4-BB16-4FD0-98BD-FCFCCD127DC3}"
EndProject
Project("{2150E333-8FDC-42A3-9474-1A3956D46DE8}") = "Structural", "Structural", "{B2411CB1-147B-4548-95A4-3E2FD272F5DF}"
EndProject
Project("{2150E333-8FDC-42A3-9474-1A3956D46DE8}") = "Behavioral", "Behavioral", "{E8A7CBEF-FAD9-4EB2-AEEF-CBD076FF8191}"
EndProject
Project("{9A19103F-16F7-4668-BE54-9A1E7A4F7556}") = "SingleResponsibility", "SOLID\SingleResponsibility\SingleResponsibility.csproj", "{161BD4B7-13E1-4461-BC64-D467C04C6A43}"
EndProject
Project("{9A19103F-16F7-4668-BE54-9A1E7A4F7556}") = "OpenClosed", "SOLID\OpenClosed\OpenClosed.csproj", "{9B569313-9909-4B7A-949F-C8FDD329E3C7}"
EndProject
Project("{9A19103F-16F7-4668-BE54-9A1E7A4F7556}") = "LiskovSubstution", "SOLID\LiskovSubstution\LiskovSubstution.csproj", "{C90F9144-68AE-487E-86D4-D22859C35866}"
EndProject
Project("{9A19103F-16F7-4668-BE54-9A1E7A4F7556}") = "InterfaceSegregation", "InterfaceSegregation\InterfaceSegregation.csproj", "{DFA7D0E0-8E54-4B3D-A856-9C0B65FFB752}"
EndProject
Project("{9A19103F-16F7-4668-BE54-9A1E7A4F7556}") = "DependencyInversion", "SOLID\DependencyInversion\DependencyInversion.csproj", "{A45578C9-BD31-4606-A35C-5C679B89BE03}"
EndProject
Project("{9A19103F-16F7-4668-BE54-9A1E7A4F7556}") = "FactoryMethod", "DesignPatterns\Creational\FactoryMethod\FactoryMethod.csproj", "{CA7B726E-90B2-40DF-9C9F-93D4B331AA05}"
EndProject
Project("{9A19103F-16F7-4668-BE54-9A1E7A4F7556}") = "AbstractFactory", "DesignPatterns\Creational\AbstractFactory\AbstractFactory.csproj", "{6C343B21-C630-4F8A-B7D4-44DB4106E9F3}"
EndProject
Project("{9A19103F-16F7-4668-BE54-9A1E7A4F7556}") = "Builder", "DesignPatterns\Creational\Builder\Builder.csproj", "{8B5456CB-80BB-4EE5-93B1-18DEB34CCD24}"
EndProject
Project("{9A19103F-16F7-4668-BE54-9A1E7A4F7556}") = "Prototype", "DesignPatterns\Creational\Prototype\Prototype.csproj", "{E6716EFA-DE8E-4B72-A8A8-B2466016B205}"
EndProject
Project("{9A19103F-16F7-4668-BE54-9A1E7A4F7556}") = "Singleton", "Singleton\Singleton.csproj", "{604FD8E3-276B-4955-8A31-2F6599748228}"
EndProject
Project("{9A19103F-16F7-4668-BE54-9A1E7A4F7556}") = "Adapter", "Adapter\Adapter.csproj", "{8CED116B-772C-468E-9153-4A741EC9B4CF}"
EndProject
Project("{9A19103F-16F7-4668-BE54-9A1E7A4F7556}") = "Bridge", "DesignPatterns\Structural\Bridge\Bridge.csproj", "{5C262A4D-BF8A-465C-BDEA-6BC36E2CFBF9}"
EndProject
Project("{9A19103F-16F7-4668-BE54-9A1E7A4F7556}") = "Decorator", "DesignPatterns\Structural\Decorator\Decorator.csproj", "{1B788881-40EA-4430-92D6-B0958A28F5D2}"
EndProject
Project("{9A19103F-16F7-4668-BE54-9A1E7A4F7556}") = "Composite", "DesignPatterns\Structural\Composite\Composite.csproj", "{2505EAD8-6349-4C4D-B3A5-0D4C2BBE7CAD}"
EndProject
Project("{9A19103F-16F7-4668-BE54-9A1E7A4F7556}") = "Facade", "DesignPatterns\Structural\Facade\Facade.csproj", "{E7320E70-29C4-4608-8864-07CF1A87AFD6}"
EndProject
Project("{9A19103F-16F7-4668-BE54-9A1E7A4F7556}") = "FlyWeight", "DesignPatterns\Structural\FlyWeight\FlyWeight.csproj", "{C65CE98A-58B6-49B5-AB8F-C2E56AB0DE28}"
EndProject
Project("{9A19103F-16F7-4668-BE54-9A1E7A4F7556}") = "Proxy", "DesignPatterns\Structural\Proxy\Proxy.csproj", "{441EFFDC-EE44-49ED-AB7D-FCF25C9A5828}"
EndProject
Project("{9A19103F-16F7-4668-BE54-9A1E7A4F7556}") = "ChainOfResponsibility", "DesignPatterns\Behavioral\ChainOfResponsibility\ChainOfResponsibility.csproj", "{E67E7217-DDAE-4012-A0C0-9BDB9F1ACB7E}"
EndProject
Project("{9A19103F-16F7-4668-BE54-9A1E7A4F7556}") = "Command", "DesignPatterns\Behavioral\Command\Command.csproj", "{0D76A3D9-C812-44C1-BCC3-7838D119A111}"
EndProject
Project("{9A19103F-16F7-4668-BE54-9A1E7A4F7556}") = "Interpreter", "DesignPatterns\Behavioral\Interpreter\Interpreter.csproj", "{D0EC6DB6-5E8E-4B58-B299-9797F2309E85}"
EndProject
Project("{FAE04EC0-301F-11D3-BF4B-00C04F79EFBC}") = "Iterator", "DesignPatterns\Behavioral\Iterator\Iterator.csproj", "{10F192D7-6EF8-4E91-B525-3218AF7F43CB}"
EndProject
Project("{FAE04EC0-301F-11D3-BF4B-00C04F79EFBC}") = "Observer", "DesignPatterns\Behavioral\Observer\Observer.csproj", "{D52C1544-C1F8-4E2B-AA14-9848D6165517}"
EndProject
Project("{FAE04EC0-301F-11D3-BF4B-00C04F79EFBC}") = "Strategy", "DesignPatterns\Behavioral\Strategy\Strategy.csproj", "{AA2FF15D-ABDC-408D-9B81-C3C76CACBBDF}"
EndProject
Project("{FAE04EC0-301F-11D3-BF4B-00C04F79EFBC}") = "TemplateMethod", "DesignPatterns\Behavioral\TemplateMethod\TemplateMethod.csproj", "{64F58EF5-D499-40F8-8D22-946026292A7A}"
EndProject
Project("{FAE04EC0-301F-11D3-BF4B-00C04F79EFBC}") = "Memento", "DesignPatterns\Behavioral\Memento\Memento.csproj", "{FF6E428D-200C-4E07-B425-EE7C343B02F1}"
EndProject
Global
	GlobalSection(SolutionConfigurationPlatforms) = preSolution
		Debug|Any CPU = Debug|Any CPU
		Release|Any CPU = Release|Any CPU
	EndGlobalSection
	GlobalSection(ProjectConfigurationPlatforms) = postSolution
		{161BD4B7-13E1-4461-BC64-D467C04C6A43}.Debug|Any CPU.ActiveCfg = Debug|Any CPU
		{161BD4B7-13E1-4461-BC64-D467C04C6A43}.Debug|Any CPU.Build.0 = Debug|Any CPU
		{161BD4B7-13E1-4461-BC64-D467C04C6A43}.Release|Any CPU.ActiveCfg = Release|Any CPU
		{161BD4B7-13E1-4461-BC64-D467C04C6A43}.Release|Any CPU.Build.0 = Release|Any CPU
		{9B569313-9909-4B7A-949F-C8FDD329E3C7}.Debug|Any CPU.ActiveCfg = Debug|Any CPU
		{9B569313-9909-4B7A-949F-C8FDD329E3C7}.Debug|Any CPU.Build.0 = Debug|Any CPU
		{9B569313-9909-4B7A-949F-C8FDD329E3C7}.Release|Any CPU.ActiveCfg = Release|Any CPU
		{9B569313-9909-4B7A-949F-C8FDD329E3C7}.Release|Any CPU.Build.0 = Release|Any CPU
		{C90F9144-68AE-487E-86D4-D22859C35866}.Debug|Any CPU.ActiveCfg = Debug|Any CPU
		{C90F9144-68AE-487E-86D4-D22859C35866}.Debug|Any CPU.Build.0 = Debug|Any CPU
		{C90F9144-68AE-487E-86D4-D22859C35866}.Release|Any CPU.ActiveCfg = Release|Any CPU
		{C90F9144-68AE-487E-86D4-D22859C35866}.Release|Any CPU.Build.0 = Release|Any CPU
		{DFA7D0E0-8E54-4B3D-A856-9C0B65FFB752}.Debug|Any CPU.ActiveCfg = Debug|Any CPU
		{DFA7D0E0-8E54-4B3D-A856-9C0B65FFB752}.Debug|Any CPU.Build.0 = Debug|Any CPU
		{DFA7D0E0-8E54-4B3D-A856-9C0B65FFB752}.Release|Any CPU.ActiveCfg = Release|Any CPU
		{DFA7D0E0-8E54-4B3D-A856-9C0B65FFB752}.Release|Any CPU.Build.0 = Release|Any CPU
		{A45578C9-BD31-4606-A35C-5C679B89BE03}.Debug|Any CPU.ActiveCfg = Debug|Any CPU
		{A45578C9-BD31-4606-A35C-5C679B89BE03}.Debug|Any CPU.Build.0 = Debug|Any CPU
		{A45578C9-BD31-4606-A35C-5C679B89BE03}.Release|Any CPU.ActiveCfg = Release|Any CPU
		{A45578C9-BD31-4606-A35C-5C679B89BE03}.Release|Any CPU.Build.0 = Release|Any CPU
		{CA7B726E-90B2-40DF-9C9F-93D4B331AA05}.Debug|Any CPU.ActiveCfg = Debug|Any CPU
		{CA7B726E-90B2-40DF-9C9F-93D4B331AA05}.Debug|Any CPU.Build.0 = Debug|Any CPU
		{CA7B726E-90B2-40DF-9C9F-93D4B331AA05}.Release|Any CPU.ActiveCfg = Release|Any CPU
		{CA7B726E-90B2-40DF-9C9F-93D4B331AA05}.Release|Any CPU.Build.0 = Release|Any CPU
		{6C343B21-C630-4F8A-B7D4-44DB4106E9F3}.Debug|Any CPU.ActiveCfg = Debug|Any CPU
		{6C343B21-C630-4F8A-B7D4-44DB4106E9F3}.Debug|Any CPU.Build.0 = Debug|Any CPU
		{6C343B21-C630-4F8A-B7D4-44DB4106E9F3}.Release|Any CPU.ActiveCfg = Release|Any CPU
		{6C343B21-C630-4F8A-B7D4-44DB4106E9F3}.Release|Any CPU.Build.0 = Release|Any CPU
		{8B5456CB-80BB-4EE5-93B1-18DEB34CCD24}.Debug|Any CPU.ActiveCfg = Debug|Any CPU
		{8B5456CB-80BB-4EE5-93B1-18DEB34CCD24}.Debug|Any CPU.Build.0 = Debug|Any CPU
		{8B5456CB-80BB-4EE5-93B1-18DEB34CCD24}.Release|Any CPU.ActiveCfg = Release|Any CPU
		{8B5456CB-80BB-4EE5-93B1-18DEB34CCD24}.Release|Any CPU.Build.0 = Release|Any CPU
		{E6716EFA-DE8E-4B72-A8A8-B2466016B205}.Debug|Any CPU.ActiveCfg = Debug|Any CPU
		{E6716EFA-DE8E-4B72-A8A8-B2466016B205}.Debug|Any CPU.Build.0 = Debug|Any CPU
		{E6716EFA-DE8E-4B72-A8A8-B2466016B205}.Release|Any CPU.ActiveCfg = Release|Any CPU
		{E6716EFA-DE8E-4B72-A8A8-B2466016B205}.Release|Any CPU.Build.0 = Release|Any CPU
		{604FD8E3-276B-4955-8A31-2F6599748228}.Debug|Any CPU.ActiveCfg = Debug|Any CPU
		{604FD8E3-276B-4955-8A31-2F6599748228}.Debug|Any CPU.Build.0 = Debug|Any CPU
		{604FD8E3-276B-4955-8A31-2F6599748228}.Release|Any CPU.ActiveCfg = Release|Any CPU
		{604FD8E3-276B-4955-8A31-2F6599748228}.Release|Any CPU.Build.0 = Release|Any CPU
		{8CED116B-772C-468E-9153-4A741EC9B4CF}.Debug|Any CPU.ActiveCfg = Debug|Any CPU
		{8CED116B-772C-468E-9153-4A741EC9B4CF}.Debug|Any CPU.Build.0 = Debug|Any CPU
		{8CED116B-772C-468E-9153-4A741EC9B4CF}.Release|Any CPU.ActiveCfg = Release|Any CPU
		{8CED116B-772C-468E-9153-4A741EC9B4CF}.Release|Any CPU.Build.0 = Release|Any CPU
		{5C262A4D-BF8A-465C-BDEA-6BC36E2CFBF9}.Debug|Any CPU.ActiveCfg = Debug|Any CPU
		{5C262A4D-BF8A-465C-BDEA-6BC36E2CFBF9}.Debug|Any CPU.Build.0 = Debug|Any CPU
		{5C262A4D-BF8A-465C-BDEA-6BC36E2CFBF9}.Release|Any CPU.ActiveCfg = Release|Any CPU
		{5C262A4D-BF8A-465C-BDEA-6BC36E2CFBF9}.Release|Any CPU.Build.0 = Release|Any CPU
		{1B788881-40EA-4430-92D6-B0958A28F5D2}.Debug|Any CPU.ActiveCfg = Debug|Any CPU
		{1B788881-40EA-4430-92D6-B0958A28F5D2}.Debug|Any CPU.Build.0 = Debug|Any CPU
		{1B788881-40EA-4430-92D6-B0958A28F5D2}.Release|Any CPU.ActiveCfg = Release|Any CPU
		{1B788881-40EA-4430-92D6-B0958A28F5D2}.Release|Any CPU.Build.0 = Release|Any CPU
		{2505EAD8-6349-4C4D-B3A5-0D4C2BBE7CAD}.Debug|Any CPU.ActiveCfg = Debug|Any CPU
		{2505EAD8-6349-4C4D-B3A5-0D4C2BBE7CAD}.Debug|Any CPU.Build.0 = Debug|Any CPU
		{2505EAD8-6349-4C4D-B3A5-0D4C2BBE7CAD}.Release|Any CPU.ActiveCfg = Release|Any CPU
		{2505EAD8-6349-4C4D-B3A5-0D4C2BBE7CAD}.Release|Any CPU.Build.0 = Release|Any CPU
		{E7320E70-29C4-4608-8864-07CF1A87AFD6}.Debug|Any CPU.ActiveCfg = Debug|Any CPU
		{E7320E70-29C4-4608-8864-07CF1A87AFD6}.Debug|Any CPU.Build.0 = Debug|Any CPU
		{E7320E70-29C4-4608-8864-07CF1A87AFD6}.Release|Any CPU.ActiveCfg = Release|Any CPU
		{E7320E70-29C4-4608-8864-07CF1A87AFD6}.Release|Any CPU.Build.0 = Release|Any CPU
		{C65CE98A-58B6-49B5-AB8F-C2E56AB0DE28}.Debug|Any CPU.ActiveCfg = Debug|Any CPU
		{C65CE98A-58B6-49B5-AB8F-C2E56AB0DE28}.Debug|Any CPU.Build.0 = Debug|Any CPU
		{C65CE98A-58B6-49B5-AB8F-C2E56AB0DE28}.Release|Any CPU.ActiveCfg = Release|Any CPU
		{C65CE98A-58B6-49B5-AB8F-C2E56AB0DE28}.Release|Any CPU.Build.0 = Release|Any CPU
		{441EFFDC-EE44-49ED-AB7D-FCF25C9A5828}.Debug|Any CPU.ActiveCfg = Debug|Any CPU
		{441EFFDC-EE44-49ED-AB7D-FCF25C9A5828}.Debug|Any CPU.Build.0 = Debug|Any CPU
		{441EFFDC-EE44-49ED-AB7D-FCF25C9A5828}.Release|Any CPU.ActiveCfg = Release|Any CPU
		{441EFFDC-EE44-49ED-AB7D-FCF25C9A5828}.Release|Any CPU.Build.0 = Release|Any CPU
		{E67E7217-DDAE-4012-A0C0-9BDB9F1ACB7E}.Debug|Any CPU.ActiveCfg = Debug|Any CPU
		{E67E7217-DDAE-4012-A0C0-9BDB9F1ACB7E}.Debug|Any CPU.Build.0 = Debug|Any CPU
		{E67E7217-DDAE-4012-A0C0-9BDB9F1ACB7E}.Release|Any CPU.ActiveCfg = Release|Any CPU
		{E67E7217-DDAE-4012-A0C0-9BDB9F1ACB7E}.Release|Any CPU.Build.0 = Release|Any CPU
		{0D76A3D9-C812-44C1-BCC3-7838D119A111}.Debug|Any CPU.ActiveCfg = Debug|Any CPU
		{0D76A3D9-C812-44C1-BCC3-7838D119A111}.Debug|Any CPU.Build.0 = Debug|Any CPU
		{0D76A3D9-C812-44C1-BCC3-7838D119A111}.Release|Any CPU.ActiveCfg = Release|Any CPU
		{0D76A3D9-C812-44C1-BCC3-7838D119A111}.Release|Any CPU.Build.0 = Release|Any CPU
		{D0EC6DB6-5E8E-4B58-B299-9797F2309E85}.Debug|Any CPU.ActiveCfg = Debug|Any CPU
		{D0EC6DB6-5E8E-4B58-B299-9797F2309E85}.Debug|Any CPU.Build.0 = Debug|Any CPU
		{D0EC6DB6-5E8E-4B58-B299-9797F2309E85}.Release|Any CPU.ActiveCfg = Release|Any CPU
		{D0EC6DB6-5E8E-4B58-B299-9797F2309E85}.Release|Any CPU.Build.0 = Release|Any CPU
		{10F192D7-6EF8-4E91-B525-3218AF7F43CB}.Debug|Any CPU.ActiveCfg = Debug|Any CPU
		{10F192D7-6EF8-4E91-B525-3218AF7F43CB}.Debug|Any CPU.Build.0 = Debug|Any CPU
		{10F192D7-6EF8-4E91-B525-3218AF7F43CB}.Release|Any CPU.ActiveCfg = Release|Any CPU
		{10F192D7-6EF8-4E91-B525-3218AF7F43CB}.Release|Any CPU.Build.0 = Release|Any CPU
		{D52C1544-C1F8-4E2B-AA14-9848D6165517}.Debug|Any CPU.ActiveCfg = Debug|Any CPU
		{D52C1544-C1F8-4E2B-AA14-9848D6165517}.Debug|Any CPU.Build.0 = Debug|Any CPU
		{D52C1544-C1F8-4E2B-AA14-9848D6165517}.Release|Any CPU.ActiveCfg = Release|Any CPU
		{D52C1544-C1F8-4E2B-AA14-9848D6165517}.Release|Any CPU.Build.0 = Release|Any CPU
		{AA2FF15D-ABDC-408D-9B81-C3C76CACBBDF}.Debug|Any CPU.ActiveCfg = Debug|Any CPU
		{AA2FF15D-ABDC-408D-9B81-C3C76CACBBDF}.Debug|Any CPU.Build.0 = Debug|Any CPU
		{AA2FF15D-ABDC-408D-9B81-C3C76CACBBDF}.Release|Any CPU.ActiveCfg = Release|Any CPU
		{AA2FF15D-ABDC-408D-9B81-C3C76CACBBDF}.Release|Any CPU.Build.0 = Release|Any CPU
		{64F58EF5-D499-40F8-8D22-946026292A7A}.Debug|Any CPU.ActiveCfg = Debug|Any CPU
		{64F58EF5-D499-40F8-8D22-946026292A7A}.Debug|Any CPU.Build.0 = Debug|Any CPU
		{64F58EF5-D499-40F8-8D22-946026292A7A}.Release|Any CPU.ActiveCfg = Release|Any CPU
		{64F58EF5-D499-40F8-8D22-946026292A7A}.Release|Any CPU.Build.0 = Release|Any CPU
		{FF6E428D-200C-4E07-B425-EE7C343B02F1}.Debug|Any CPU.ActiveCfg = Debug|Any CPU
		{FF6E428D-200C-4E07-B425-EE7C343B02F1}.Debug|Any CPU.Build.0 = Debug|Any CPU
		{FF6E428D-200C-4E07-B425-EE7C343B02F1}.Release|Any CPU.ActiveCfg = Release|Any CPU
		{FF6E428D-200C-4E07-B425-EE7C343B02F1}.Release|Any CPU.Build.0 = Release|Any CPU
	EndGlobalSection
	GlobalSection(SolutionProperties) = preSolution
		HideSolutionNode = FALSE
	EndGlobalSection
	GlobalSection(NestedProjects) = preSolution
		{4B15ABA4-BB16-4FD0-98BD-FCFCCD127DC3} = {3617402C-EB80-4F08-9288-2836FB1835B9}
		{B2411CB1-147B-4548-95A4-3E2FD272F5DF} = {3617402C-EB80-4F08-9288-2836FB1835B9}
		{E8A7CBEF-FAD9-4EB2-AEEF-CBD076FF8191} = {3617402C-EB80-4F08-9288-2836FB1835B9}
		{161BD4B7-13E1-4461-BC64-D467C04C6A43} = {E358C416-B633-4CC3-BFAB-DAFAD1F51149}
		{9B569313-9909-4B7A-949F-C8FDD329E3C7} = {E358C416-B633-4CC3-BFAB-DAFAD1F51149}
		{C90F9144-68AE-487E-86D4-D22859C35866} = {E358C416-B633-4CC3-BFAB-DAFAD1F51149}
		{DFA7D0E0-8E54-4B3D-A856-9C0B65FFB752} = {E358C416-B633-4CC3-BFAB-DAFAD1F51149}
		{A45578C9-BD31-4606-A35C-5C679B89BE03} = {E358C416-B633-4CC3-BFAB-DAFAD1F51149}
		{CA7B726E-90B2-40DF-9C9F-93D4B331AA05} = {4B15ABA4-BB16-4FD0-98BD-FCFCCD127DC3}
		{6C343B21-C630-4F8A-B7D4-44DB4106E9F3} = {4B15ABA4-BB16-4FD0-98BD-FCFCCD127DC3}
		{8B5456CB-80BB-4EE5-93B1-18DEB34CCD24} = {4B15ABA4-BB16-4FD0-98BD-FCFCCD127DC3}
		{E6716EFA-DE8E-4B72-A8A8-B2466016B205} = {4B15ABA4-BB16-4FD0-98BD-FCFCCD127DC3}
		{604FD8E3-276B-4955-8A31-2F6599748228} = {4B15ABA4-BB16-4FD0-98BD-FCFCCD127DC3}
		{8CED116B-772C-468E-9153-4A741EC9B4CF} = {B2411CB1-147B-4548-95A4-3E2FD272F5DF}
		{5C262A4D-BF8A-465C-BDEA-6BC36E2CFBF9} = {B2411CB1-147B-4548-95A4-3E2FD272F5DF}
		{1B788881-40EA-4430-92D6-B0958A28F5D2} = {B2411CB1-147B-4548-95A4-3E2FD272F5DF}
		{2505EAD8-6349-4C4D-B3A5-0D4C2BBE7CAD} = {B2411CB1-147B-4548-95A4-3E2FD272F5DF}
		{E7320E70-29C4-4608-8864-07CF1A87AFD6} = {B2411CB1-147B-4548-95A4-3E2FD272F5DF}
		{C65CE98A-58B6-49B5-AB8F-C2E56AB0DE28} = {B2411CB1-147B-4548-95A4-3E2FD272F5DF}
		{441EFFDC-EE44-49ED-AB7D-FCF25C9A5828} = {B2411CB1-147B-4548-95A4-3E2FD272F5DF}
		{E67E7217-DDAE-4012-A0C0-9BDB9F1ACB7E} = {E8A7CBEF-FAD9-4EB2-AEEF-CBD076FF8191}
		{0D76A3D9-C812-44C1-BCC3-7838D119A111} = {E8A7CBEF-FAD9-4EB2-AEEF-CBD076FF8191}
		{D0EC6DB6-5E8E-4B58-B299-9797F2309E85} = {E8A7CBEF-FAD9-4EB2-AEEF-CBD076FF8191}
		{10F192D7-6EF8-4E91-B525-3218AF7F43CB} = {E8A7CBEF-FAD9-4EB2-AEEF-CBD076FF8191}
		{D52C1544-C1F8-4E2B-AA14-9848D6165517} = {E8A7CBEF-FAD9-4EB2-AEEF-CBD076FF8191}
		{AA2FF15D-ABDC-408D-9B81-C3C76CACBBDF} = {E8A7CBEF-FAD9-4EB2-AEEF-CBD076FF8191}
		{64F58EF5-D499-40F8-8D22-946026292A7A} = {E8A7CBEF-FAD9-4EB2-AEEF-CBD076FF8191}
		{FF6E428D-200C-4E07-B425-EE7C343B02F1} = {E8A7CBEF-FAD9-4EB2-AEEF-CBD076FF8191}
	EndGlobalSection
	GlobalSection(ExtensibilityGlobals) = postSolution
		SolutionGuid = {17B23B05-B4BF-4BE3-A148-23B60E5BDB87}
	EndGlobalSection
EndGlobal
